
Microsoft Visual Studio Solution File, Format Version 12.00
# Visual Studio Version 17
VisualStudioVersion = 17.14.36915.13
MinimumVisualStudioVersion = 10.0.40219.1
Project("{8BC9CEB8-8B4A-11D0-8D11-00A0C91BC942}") = "Lesson1", "Lesson1\Lesson1.vcxproj", "{D61D4A14-8994-40BF-A90A-069D858CE4E4}"
EndProject
Project("{8BC9CEB8-8B4A-11D0-8D11-00A0C91BC942}") = "Ex1_A", "Ex1_A\Ex1_A.vcxproj", "{0737E90E-CB40-4934-B1D8-329759D1C386}"
EndProject
Project("{8BC9CEB8-8B4A-11D0-8D11-00A0C91BC942}") = "Ex1_B", "Ex1_B\Ex1_B.vcxproj", "{D376525F-ABAC-406B-B73A-C9F4EC7D5EF4}"
EndProject
Project("{8BC9CEB8-8B4A-11D0-8D11-00A0C91BC942}") = "Lesson2", "Lesson2\Lesson2.vcxproj", "{B29592FD-016A-4080-859E-4BBF73580B03}"
EndProject
Project("{8BC9CEB8-8B4A-11D0-8D11-00A0C91BC942}") = "Ex2_1", "Ex2_1\Ex2_1.vcxproj", "{395158B5-0472-4BA2-A879-ABF840FB4AB0}"
EndProject
Project("{8BC9CEB8-8B4A-11D0-8D11-00A0C91BC942}") = "Lesson3", "Lesson3\Lesson3.vcxproj", "{989FFCEB-20C6-4420-B428-D57E3D0ED6BA}"
EndProject
Project("{8BC9CEB8-8B4A-11D0-8D11-00A0C91BC942}") = "Ex3", "Ex3\Ex3.vcxproj", "{5D445B5E-1B62-4CCF-8C30-27A9D3CA0BD8}"
EndProject
Project("{8BC9CEB8-8B4A-11D0-8D11-00A0C91BC942}") = "Lesson4", "Lesson4\Lesson4.vcxproj", "{CF2876F5-D6FD-4837-B5A9-78F17A239BA7}"
EndProject
Project("{8BC9CEB8-8B4A-11D0-8D11-00A0C91BC942}") = "Ex4", "Ex4\Ex4.vcxproj", "{201B3FAF-D450-41BB-B2B1-532BF6E6A13F}"
EndProject
Project("{8BC9CEB8-8B4A-11D0-8D11-00A0C91BC942}") = "Lesson5", "Lesson5\Lesson5.vcxproj", "{A917A430-610D-4509-B941-59F09DEEAB0A}"
EndProject
Global
	GlobalSection(SolutionConfigurationPlatforms) = preSolution
		Debug|x64 = Debug|x64
		Debug|x86 = Debug|x86
		Release|x64 = Release|x64
		Release|x86 = Release|x86
	EndGlobalSection
	GlobalSection(ProjectConfigurationPlatforms) = postSolution
		{D61D4A14-8994-40BF-A90A-069D858CE4E4}.Debug|x64.ActiveCfg = Debug|x64
		{D61D4A14-8994-40BF-A90A-069D858CE4E4}.Debug|x64.Build.0 = Debug|x64
		{D61D4A14-8994-40BF-A90A-069D858CE4E4}.Debug|x86.ActiveCfg = Debug|Win32
		{D61D4A14-8994-40BF-A90A-069D858CE4E4}.Debug|x86.Build.0 = Debug|Win32
		{D61D4A14-8994-40BF-A90A-069D858CE4E4}.Release|x64.ActiveCfg = Release|x64
		{D61D4A14-8994-40BF-A90A-069D858CE4E4}.Release|x64.Build.0 = Release|x64
		{D61D4A14-8994-40BF-A90A-069D858CE4E4}.Release|x86.ActiveCfg = Release|Win32
		{D61D4A14-8994-40BF-A90A-069D858CE4E4}.Release|x86.Build.0 = Release|Win32
		{0737E90E-CB40-4934-B1D8-329759D1C386}.Debug|x64.ActiveCfg = Debug|x64
		{0737E90E-CB40-4934-B1D8-329759D1C386}.Debug|x64.Build.0 = Debug|x64
		{0737E90E-CB40-4934-B1D8-329759D1C386}.Debug|x86.ActiveCfg = Debug|Win32
		{0737E90E-CB40-4934-B1D8-329759D1C386}.Debug|x86.Build.0 = Debug|Win32
		{0737E90E-CB40-4934-B1D8-329759D1C386}.Release|x64.ActiveCfg = Release|x64
		{0737E90E-CB40-4934-B1D8-329759D1C386}.Release|x64.Build.0 = Release|x64
		{0737E90E-CB40-4934-B1D8-329759D1C386}.Release|x86.ActiveCfg = Release|Win32
		{0737E90E-CB40-4934-B1D8-329759D1C386}.Release|x86.Build.0 = Release|Win32
		{D376525F-ABAC-406B-B73A-C9F4EC7D5EF4}.Debug|x64.ActiveCfg = Debug|x64
		{D376525F-ABAC-406B-B73A-C9F4EC7D5EF4}.Debug|x64.Build.0 = Debug|x64
		{D376525F-ABAC-406B-B73A-C9F4EC7D5EF4}.Debug|x86.ActiveCfg = Debug|Win32
		{D376525F-ABAC-406B-B73A-C9F4EC7D5EF4}.Debug|x86.Build.0 = Debug|Win32
		{D376525F-ABAC-406B-B73A-C9F4EC7D5EF4}.Release|x64.ActiveCfg = Release|x64
		{D376525F-ABAC-406B-B73A-C9F4EC7D5EF4}.Release|x64.Build.0 = Release|x64
		{D376525F-ABAC-406B-B73A-C9F4EC7D5EF4}.Release|x86.ActiveCfg = Release|Win32
		{D376525F-ABAC-406B-B73A-C9F4EC7D5EF4}.Release|x86.Build.0 = Release|Win32
		{B29592FD-016A-4080-859E-4BBF73580B03}.Debug|x64.ActiveCfg = Debug|x64
		{B29592FD-016A-4080-859E-4BBF73580B03}.Debug|x64.Build.0 = Debug|x64
		{B29592FD-016A-4080-859E-4BBF73580B03}.Debug|x86.ActiveCfg = Debug|Win32
		{B29592FD-016A-4080-859E-4BBF73580B03}.Debug|x86.Build.0 = Debug|Win32
		{B29592FD-016A-4080-859E-4BBF73580B03}.Release|x64.ActiveCfg = Release|x64
		{B29592FD-016A-4080-859E-4BBF73580B03}.Release|x64.Build.0 = Release|x64
		{B29592FD-016A-4080-859E-4BBF73580B03}.Release|x86.ActiveCfg = Release|Win32
		{B29592FD-016A-4080-859E-4BBF73580B03}.Release|x86.Build.0 = Release|Win32
		{395158B5-0472-4BA2-A879-ABF840FB4AB0}.Debug|x64.ActiveCfg = Debug|x64
		{395158B5-0472-4BA2-A879-ABF840FB4AB0}.Debug|x64.Build.0 = Debug|x64
		{395158B5-0472-4BA2-A879-ABF840FB4AB0}.Debug|x86.ActiveCfg = Debug|Win32
		{395158B5-0472-4BA2-A879-ABF840FB4AB0}.Debug|x86.Build.0 = Debug|Win32
		{395158B5-0472-4BA2-A879-ABF840FB4AB0}.Release|x64.ActiveCfg = Release|x64
		{395158B5-0472-4BA2-A879-ABF840FB4AB0}.Release|x64.Build.0 = Release|x64
		{395158B5-0472-4BA2-A879-ABF840FB4AB0}.Release|x86.ActiveCfg = Release|Win32
		{395158B5-0472-4BA2-A879-ABF840FB4AB0}.Release|x86.Build.0 = Release|Win32
		{989FFCEB-20C6-4420-B428-D57E3D0ED6BA}.Debug|x64.ActiveCfg = Debug|x64
		{989FFCEB-20C6-4420-B428-D57E3D0ED6BA}.Debug|x64.Build.0 = Debug|x64
		{989FFCEB-20C6-4420-B428-D57E3D0ED6BA}.Debug|x86.ActiveCfg = Debug|Win32
		{989FFCEB-20C6-4420-B428-D57E3D0ED6BA}.Debug|x86.Build.0 = Debug|Win32
		{989FFCEB-20C6-4420-B428-D57E3D0ED6BA}.Release|x64.ActiveCfg = Release|x64
		{989FFCEB-20C6-4420-B428-D57E3D0ED6BA}.Release|x64.Build.0 = Release|x64
		{989FFCEB-20C6-4420-B428-D57E3D0ED6BA}.Release|x86.ActiveCfg = Release|Win32
		{989FFCEB-20C6-4420-B428-D57E3D0ED6BA}.Release|x86.Build.0 = Release|Win32
		{5D445B5E-1B62-4CCF-8C30-27A9D3CA0BD8}.Debug|x64.ActiveCfg = Debug|x64
		{5D445B5E-1B62-4CCF-8C30-27A9D3CA0BD8}.Debug|x64.Build.0 = Debug|x64
		{5D445B5E-1B62-4CCF-8C30-27A9D3CA0BD8}.Debug|x86.ActiveCfg = Debug|Win32
		{5D445B5E-1B62-4CCF-8C30-27A9D3CA0BD8}.Debug|x86.Build.0 = Debug|Win32
		{5D445B5E-1B62-4CCF-8C30-27A9D3CA0BD8}.Release|x64.ActiveCfg = Release|x64
		{5D445B5E-1B62-4CCF-8C30-27A9D3CA0BD8}.Release|x64.Build.0 = Release|x64
		{5D445B5E-1B62-4CCF-8C30-27A9D3CA0BD8}.Release|x86.ActiveCfg = Release|Win32
		{5D445B5E-1B62-4CCF-8C30-27A9D3CA0BD8}.Release|x86.Build.0 = Release|Win32
		{CF2876F5-D6FD-4837-B5A9-78F17A239BA7}.Debug|x64.ActiveCfg = Debug|x64
		{CF2876F5-D6FD-4837-B5A9-78F17A239BA7}.Debug|x64.Build.0 = Debug|x64
		{CF2876F5-D6FD-4837-B5A9-78F17A239BA7}.Debug|x86.ActiveCfg = Debug|Win32
		{CF2876F5-D6FD-4837-B5A9-78F17A239BA7}.Debug|x86.Build.0 = Debug|Win32
		{CF2876F5-D6FD-4837-B5A9-78F17A239BA7}.Release|x64.ActiveCfg = Release|x64
		{CF2876F5-D6FD-4837-B5A9-78F17A239BA7}.Release|x64.Build.0 = Release|x64
		{CF2876F5-D6FD-4837-B5A9-78F17A239BA7}.Release|x86.ActiveCfg = Release|Win32
		{CF2876F5-D6FD-4837-B5A9-78F17A239BA7}.Release|x86.Build.0 = Release|Win32
		{201B3FAF-D450-41BB-B2B1-532BF6E6A13F}.Debug|x64.ActiveCfg = Debug|x64
		{201B3FAF-D450-41BB-B2B1-532BF6E6A13F}.Debug|x64.Build.0 = Debug|x64
		{201B3FAF-D450-41BB-B2B1-532BF6E6A13F}.Debug|x86.ActiveCfg = Debug|Win32
		{201B3FAF-D450-41BB-B2B1-532BF6E6A13F}.Debug|x86.Build.0 = Debug|Win32
		{201B3FAF-D450-41BB-B2B1-532BF6E6A13F}.Release|x64.ActiveCfg = Release|x64
		{201B3FAF-D450-41BB-B2B1-532BF6E6A13F}.Release|x64.Build.0 = Release|x64
		{201B3FAF-D450-41BB-B2B1-532BF6E6A13F}.Release|x86.ActiveCfg = Release|Win32
		{201B3FAF-D450-41BB-B2B1-532BF6E6A13F}.Release|x86.Build.0 = Release|Win32
		{A917A430-610D-4509-B941-59F09DEEAB0A}.Debug|x64.ActiveCfg = Debug|x64
		{A917A430-610D-4509-B941-59F09DEEAB0A}.Debug|x64.Build.0 = Debug|x64
		{A917A430-610D-4509-B941-59F09DEEAB0A}.Debug|x86.ActiveCfg = Debug|Win32
		{A917A430-610D-4509-B941-59F09DEEAB0A}.Debug|x86.Build.0 = Debug|Win32
		{A917A430-610D-4509-B941-59F09DEEAB0A}.Release|x64.ActiveCfg = Release|x64
		{A917A430-610D-4509-B941-59F09DEEAB0A}.Release|x64.Build.0 = Release|x64
		{A917A430-610D-4509-B941-59F09DEEAB0A}.Release|x86.ActiveCfg = Release|Win32
		{A917A430-610D-4509-B941-59F09DEEAB0A}.Release|x86.Build.0 = Release|Win32
	EndGlobalSection
	GlobalSection(SolutionProperties) = preSolution
		HideSolutionNode = FALSE
	EndGlobalSection
	GlobalSection(ExtensibilityGlobals) = postSolution
		SolutionGuid = {D2AF28A9-AD27-4379-A5CC-FCCF4B2B0008}
	EndGlobalSection
EndGlobal
